# This file is automatically @generated by Cargo.
# It is not intended for manual editing.
version = 4

[[package]]
name = "env-reader"
version = "0.1.0"

[[package]]
name = "fibonacci"
version = "0.1.0"

[[package]]
name = "fs-reader"
version = "0.1.0"

[[package]]
name = "hello-world"
version = "0.1.0"

[[package]]
name = "infinite-loop"
version = "0.1.0"

[[package]]
name = "long-output-guest"
version = "0.1.0"

[[package]]
name = "memory-hog"
version = "0.1.0"

[[package]]
name = "net-guest"
version = "0.1.0"

[[package]]
name = "panic-guest"
version = "0.1.0"

[[package]]
name = "stdout-spammer"
version = "0.1.0"
